// !$*UTF8*$!
{
	archiveVersion = 1;
	classes = {
	};
	objectVersion = 56;
	objects = {

/* Begin PBXBuildFile section */
		FC0C99C72ABB130E00259897 /* PlaylistVM.swift in Sources */ = {isa = PBXBuildFile; fileRef = FC0C99C62ABB130E00259897 /* PlaylistVM.swift */; };
		FC0C99C92ABB131E00259897 /* Playlist.swift in Sources */ = {isa = PBXBuildFile; fileRef = FC0C99C82ABB131E00259897 /* Playlist.swift */; };
		FC0C99CB2ABB1CEF00259897 /* PlaylistEntryView.swift in Sources */ = {isa = PBXBuildFile; fileRef = FC0C99CA2ABB1CEF00259897 /* PlaylistEntryView.swift */; };
		FC0C99CF2ABB225600259897 /* PlaylistDetailView.swift in Sources */ = {isa = PBXBuildFile; fileRef = FC0C99CE2ABB225500259897 /* PlaylistDetailView.swift */; };
		FC76D1FE2ABC3853000A3A08 /* BannerCoverView.swift in Sources */ = {isa = PBXBuildFile; fileRef = FC76D1FD2ABC3853000A3A08 /* BannerCoverView.swift */; };
		FC76D2002ABC391B000A3A08 /* JumboTitleView.swift in Sources */ = {isa = PBXBuildFile; fileRef = FC76D1FF2ABC391B000A3A08 /* JumboTitleView.swift */; };
		FC76D2022ABC39D8000A3A08 /* PlayButtonsView.swift in Sources */ = {isa = PBXBuildFile; fileRef = FC76D2012ABC39D8000A3A08 /* PlayButtonsView.swift */; };
		FC76D2042ABC3B01000A3A08 /* AlbumSongListView.swift in Sources */ = {isa = PBXBuildFile; fileRef = FC76D2032ABC3B01000A3A08 /* AlbumSongListView.swift */; };
		FC76D2062ABC3C2E000A3A08 /* StatisticsView.swift in Sources */ = {isa = PBXBuildFile; fileRef = FC76D2052ABC3C2E000A3A08 /* StatisticsView.swift */; };
		FC76D2092ABC55A4000A3A08 /* Endpoint.swift in Sources */ = {isa = PBXBuildFile; fileRef = FC76D2082ABC55A4000A3A08 /* Endpoint.swift */; };
		FC76D20B2ABC56D3000A3A08 /* Request.swift in Sources */ = {isa = PBXBuildFile; fileRef = FC76D20A2ABC56D3000A3A08 /* Request.swift */; };
		FC76D20D2ABC5BBB000A3A08 /* Requestable.swift in Sources */ = {isa = PBXBuildFile; fileRef = FC76D20C2ABC5BBB000A3A08 /* Requestable.swift */; };
		FC76D20F2ABC5C49000A3A08 /* NetworkError.swift in Sources */ = {isa = PBXBuildFile; fileRef = FC76D20E2ABC5C49000A3A08 /* NetworkError.swift */; };
		FC76D2112ABC631B000A3A08 /* AlbumRequest.swift in Sources */ = {isa = PBXBuildFile; fileRef = FC76D2102ABC631B000A3A08 /* AlbumRequest.swift */; };
		FC76D2152ABC71D5000A3A08 /* SongRequest.swift in Sources */ = {isa = PBXBuildFile; fileRef = FC76D2142ABC71D5000A3A08 /* SongRequest.swift */; };
		FC76D2172ABC73D0000A3A08 /* AlbumSongsService.swift in Sources */ = {isa = PBXBuildFile; fileRef = FC76D2162ABC73D0000A3A08 /* AlbumSongsService.swift */; };
		FC76D2192ABC76BE000A3A08 /* PlaylistRequest.swift in Sources */ = {isa = PBXBuildFile; fileRef = FC76D2182ABC76BE000A3A08 /* PlaylistRequest.swift */; };
		FC76D21B2ABC7992000A3A08 /* PlaylistsService.swift in Sources */ = {isa = PBXBuildFile; fileRef = FC76D21A2ABC7992000A3A08 /* PlaylistsService.swift */; };
		FC76D21E2ABC7BF1000A3A08 /* PlaylistSongsService.swift in Sources */ = {isa = PBXBuildFile; fileRef = FC76D21D2ABC7BF1000A3A08 /* PlaylistSongsService.swift */; };
		FC921E972ABD8CC400D711A4 /* PlaylistCoverService.swift in Sources */ = {isa = PBXBuildFile; fileRef = FC921E962ABD8CC400D711A4 /* PlaylistCoverService.swift */; };
		FC921E992ABD8CCC00D711A4 /* AlbumCoverService.swift in Sources */ = {isa = PBXBuildFile; fileRef = FC921E982ABD8CCC00D711A4 /* AlbumCoverService.swift */; };
		FC921E9B2ABD8FF200D711A4 /* CoverRequest.swift in Sources */ = {isa = PBXBuildFile; fileRef = FC921E9A2ABD8FF200D711A4 /* CoverRequest.swift */; };
		FC9A1D9F2AC1B18400F1E33E /* Localizable.xcstrings in Resources */ = {isa = PBXBuildFile; fileRef = FC9A1D9E2AC1B18400F1E33E /* Localizable.xcstrings */; };
		FC9EDFD02AB9C09B00847101 /* MultiRowLabelStyle.swift in Sources */ = {isa = PBXBuildFile; fileRef = FC9EDFCF2AB9C09B00847101 /* MultiRowLabelStyle.swift */; };
		FCABF7F32AB97B0F00B7E5BA /* NASPlayerApp.swift in Sources */ = {isa = PBXBuildFile; fileRef = FCABF7F22AB97B0F00B7E5BA /* NASPlayerApp.swift */; };
		FCABF7F52AB97B0F00B7E5BA /* ContentView.swift in Sources */ = {isa = PBXBuildFile; fileRef = FCABF7F42AB97B0F00B7E5BA /* ContentView.swift */; };
		FCABF7F72AB97B1000B7E5BA /* Assets.xcassets in Resources */ = {isa = PBXBuildFile; fileRef = FCABF7F62AB97B1000B7E5BA /* Assets.xcassets */; };
		FCABF7FA2AB97B1000B7E5BA /* Preview Assets.xcassets in Resources */ = {isa = PBXBuildFile; fileRef = FCABF7F92AB97B1000B7E5BA /* Preview Assets.xcassets */; };
		FCABF8042AB97B1000B7E5BA /* NASPlayerTests.swift in Sources */ = {isa = PBXBuildFile; fileRef = FCABF8032AB97B1000B7E5BA /* NASPlayerTests.swift */; };
		FCABF80E2AB97B1000B7E5BA /* NASPlayerUITests.swift in Sources */ = {isa = PBXBuildFile; fileRef = FCABF80D2AB97B1000B7E5BA /* NASPlayerUITests.swift */; };
		FCABF8102AB97B1000B7E5BA /* NASPlayerUITestsLaunchTests.swift in Sources */ = {isa = PBXBuildFile; fileRef = FCABF80F2AB97B1000B7E5BA /* NASPlayerUITestsLaunchTests.swift */; };
		FCABF8232AB97C5200B7E5BA /* Device.swift in Sources */ = {isa = PBXBuildFile; fileRef = FCABF8222AB97C5200B7E5BA /* Device.swift */; };
		FCABF8252AB97CA500B7E5BA /* Device+Equatable.swift in Sources */ = {isa = PBXBuildFile; fileRef = FCABF8242AB97CA500B7E5BA /* Device+Equatable.swift */; };
		FCABF8272AB97D2A00B7E5BA /* Device+CustomString.swift in Sources */ = {isa = PBXBuildFile; fileRef = FCABF8262AB97D2A00B7E5BA /* Device+CustomString.swift */; };
		FCABF8292AB97D7800B7E5BA /* Device+Function.swift in Sources */ = {isa = PBXBuildFile; fileRef = FCABF8282AB97D7800B7E5BA /* Device+Function.swift */; };
		FCABF82B2AB97DF600B7E5BA /* Device+Param.swift in Sources */ = {isa = PBXBuildFile; fileRef = FCABF82A2AB97DF600B7E5BA /* Device+Param.swift */; };
		FCABF82D2AB97E1F00B7E5BA /* Device+Screen.swift in Sources */ = {isa = PBXBuildFile; fileRef = FCABF82C2AB97E1F00B7E5BA /* Device+Screen.swift */; };
		FCABF82F2AB97E9000B7E5BA /* Device+Collection.swift in Sources */ = {isa = PBXBuildFile; fileRef = FCABF82E2AB97E9000B7E5BA /* Device+Collection.swift */; };
		FCABF8312AB97EEB00B7E5BA /* CharacterSet+.swift in Sources */ = {isa = PBXBuildFile; fileRef = FCABF8302AB97EEB00B7E5BA /* CharacterSet+.swift */; };
		FCABF8332AB97F0700B7E5BA /* Color+.swift in Sources */ = {isa = PBXBuildFile; fileRef = FCABF8322AB97F0700B7E5BA /* Color+.swift */; };
		FCABF8352AB97F2600B7E5BA /* Dictionary+.swift in Sources */ = {isa = PBXBuildFile; fileRef = FCABF8342AB97F2600B7E5BA /* Dictionary+.swift */; };
		FCABF8372AB97F3E00B7E5BA /* Data.swift in Sources */ = {isa = PBXBuildFile; fileRef = FCABF8362AB97F3E00B7E5BA /* Data.swift */; };
		FCABF8392AB97F5300B7E5BA /* Genre.swift in Sources */ = {isa = PBXBuildFile; fileRef = FCABF8382AB97F5300B7E5BA /* Genre.swift */; };
		FCABF83D2AB97F6E00B7E5BA /* Time.swift in Sources */ = {isa = PBXBuildFile; fileRef = FCABF83C2AB97F6E00B7E5BA /* Time.swift */; };
		FCABF8482AB980A700B7E5BA /* Album.swift in Sources */ = {isa = PBXBuildFile; fileRef = FCABF8472AB980A700B7E5BA /* Album.swift */; };
		FCABF84A2AB980B800B7E5BA /* Response.swift in Sources */ = {isa = PBXBuildFile; fileRef = FCABF8492AB980B800B7E5BA /* Response.swift */; };
		FCABF84C2AB980C800B7E5BA /* Song.swift in Sources */ = {isa = PBXBuildFile; fileRef = FCABF84B2AB980C800B7E5BA /* Song.swift */; };
		FCABF84E2AB980E000B7E5BA /* AlbumVM.swift in Sources */ = {isa = PBXBuildFile; fileRef = FCABF84D2AB980E000B7E5BA /* AlbumVM.swift */; };
		FCABF8502AB980F000B7E5BA /* SongVM.swift in Sources */ = {isa = PBXBuildFile; fileRef = FCABF84F2AB980F000B7E5BA /* SongVM.swift */; };
		FCABF8562AB9815400B7E5BA /* AlbumListService.swift in Sources */ = {isa = PBXBuildFile; fileRef = FCABF8552AB9815400B7E5BA /* AlbumListService.swift */; };
		FCABF85C2AB981B000B7E5BA /* BrowseView.swift in Sources */ = {isa = PBXBuildFile; fileRef = FCABF85B2AB981B000B7E5BA /* BrowseView.swift */; };
		FCABF85E2AB981C800B7E5BA /* MeView.swift in Sources */ = {isa = PBXBuildFile; fileRef = FCABF85D2AB981C800B7E5BA /* MeView.swift */; };
		FCABF8602AB981DD00B7E5BA /* PlaylistsView.swift in Sources */ = {isa = PBXBuildFile; fileRef = FCABF85F2AB981DD00B7E5BA /* PlaylistsView.swift */; };
		FCABF8622AB981FA00B7E5BA /* AlbumCardView.swift in Sources */ = {isa = PBXBuildFile; fileRef = FCABF8612AB981FA00B7E5BA /* AlbumCardView.swift */; };
		FCABF8642AB9822A00B7E5BA /* AlbumListView.swift in Sources */ = {isa = PBXBuildFile; fileRef = FCABF8632AB9822A00B7E5BA /* AlbumListView.swift */; };
		FCABF8662AB9823F00B7E5BA /* AlbumDetailView.swift in Sources */ = {isa = PBXBuildFile; fileRef = FCABF8652AB9823F00B7E5BA /* AlbumDetailView.swift */; };
		FCABF8682AB9828100B7E5BA /* MainTabView.swift in Sources */ = {isa = PBXBuildFile; fileRef = FCABF8672AB9828100B7E5BA /* MainTabView.swift */; };
/* End PBXBuildFile section */

/* Begin PBXContainerItemProxy section */
		FCABF8002AB97B1000B7E5BA /* PBXContainerItemProxy */ = {
			isa = PBXContainerItemProxy;
			containerPortal = FCABF7E72AB97B0F00B7E5BA /* Project object */;
			proxyType = 1;
			remoteGlobalIDString = FCABF7EE2AB97B0F00B7E5BA;
			remoteInfo = NASPlayer;
		};
		FCABF80A2AB97B1000B7E5BA /* PBXContainerItemProxy */ = {
			isa = PBXContainerItemProxy;
			containerPortal = FCABF7E72AB97B0F00B7E5BA /* Project object */;
			proxyType = 1;
			remoteGlobalIDString = FCABF7EE2AB97B0F00B7E5BA;
			remoteInfo = NASPlayer;
		};
/* End PBXContainerItemProxy section */

/* Begin PBXFileReference section */
		FC0C99C62ABB130E00259897 /* PlaylistVM.swift */ = {isa = PBXFileReference; lastKnownFileType = sourcecode.swift; path = PlaylistVM.swift; sourceTree = "<group>"; };
		FC0C99C82ABB131E00259897 /* Playlist.swift */ = {isa = PBXFileReference; lastKnownFileType = sourcecode.swift; path = Playlist.swift; sourceTree = "<group>"; };
		FC0C99CA2ABB1CEF00259897 /* PlaylistEntryView.swift */ = {isa = PBXFileReference; lastKnownFileType = sourcecode.swift; path = PlaylistEntryView.swift; sourceTree = "<group>"; };
		FC0C99CE2ABB225500259897 /* PlaylistDetailView.swift */ = {isa = PBXFileReference; lastKnownFileType = sourcecode.swift; path = PlaylistDetailView.swift; sourceTree = "<group>"; };
		FC76D1FD2ABC3853000A3A08 /* BannerCoverView.swift */ = {isa = PBXFileReference; lastKnownFileType = sourcecode.swift; path = BannerCoverView.swift; sourceTree = "<group>"; };
		FC76D1FF2ABC391B000A3A08 /* JumboTitleView.swift */ = {isa = PBXFileReference; lastKnownFileType = sourcecode.swift; path = JumboTitleView.swift; sourceTree = "<group>"; };
		FC76D2012ABC39D8000A3A08 /* PlayButtonsView.swift */ = {isa = PBXFileReference; lastKnownFileType = sourcecode.swift; path = PlayButtonsView.swift; sourceTree = "<group>"; };
		FC76D2032ABC3B01000A3A08 /* AlbumSongListView.swift */ = {isa = PBXFileReference; lastKnownFileType = sourcecode.swift; path = AlbumSongListView.swift; sourceTree = "<group>"; };
		FC76D2052ABC3C2E000A3A08 /* StatisticsView.swift */ = {isa = PBXFileReference; lastKnownFileType = sourcecode.swift; path = StatisticsView.swift; sourceTree = "<group>"; };
		FC76D2082ABC55A4000A3A08 /* Endpoint.swift */ = {isa = PBXFileReference; lastKnownFileType = sourcecode.swift; path = Endpoint.swift; sourceTree = "<group>"; };
		FC76D20A2ABC56D3000A3A08 /* Request.swift */ = {isa = PBXFileReference; lastKnownFileType = sourcecode.swift; path = Request.swift; sourceTree = "<group>"; };
		FC76D20C2ABC5BBB000A3A08 /* Requestable.swift */ = {isa = PBXFileReference; lastKnownFileType = sourcecode.swift; path = Requestable.swift; sourceTree = "<group>"; };
		FC76D20E2ABC5C49000A3A08 /* NetworkError.swift */ = {isa = PBXFileReference; lastKnownFileType = sourcecode.swift; path = NetworkError.swift; sourceTree = "<group>"; };
		FC76D2102ABC631B000A3A08 /* AlbumRequest.swift */ = {isa = PBXFileReference; lastKnownFileType = sourcecode.swift; path = AlbumRequest.swift; sourceTree = "<group>"; };
		FC76D2142ABC71D5000A3A08 /* SongRequest.swift */ = {isa = PBXFileReference; lastKnownFileType = sourcecode.swift; path = SongRequest.swift; sourceTree = "<group>"; };
		FC76D2162ABC73D0000A3A08 /* AlbumSongsService.swift */ = {isa = PBXFileReference; lastKnownFileType = sourcecode.swift; path = AlbumSongsService.swift; sourceTree = "<group>"; };
		FC76D2182ABC76BE000A3A08 /* PlaylistRequest.swift */ = {isa = PBXFileReference; lastKnownFileType = sourcecode.swift; path = PlaylistRequest.swift; sourceTree = "<group>"; };
		FC76D21A2ABC7992000A3A08 /* PlaylistsService.swift */ = {isa = PBXFileReference; lastKnownFileType = sourcecode.swift; path = PlaylistsService.swift; sourceTree = "<group>"; };
		FC76D21D2ABC7BF1000A3A08 /* PlaylistSongsService.swift */ = {isa = PBXFileReference; lastKnownFileType = sourcecode.swift; path = PlaylistSongsService.swift; sourceTree = "<group>"; };
		FC921E962ABD8CC400D711A4 /* PlaylistCoverService.swift */ = {isa = PBXFileReference; lastKnownFileType = sourcecode.swift; path = PlaylistCoverService.swift; sourceTree = "<group>"; };
		FC921E982ABD8CCC00D711A4 /* AlbumCoverService.swift */ = {isa = PBXFileReference; lastKnownFileType = sourcecode.swift; path = AlbumCoverService.swift; sourceTree = "<group>"; };
		FC921E9A2ABD8FF200D711A4 /* CoverRequest.swift */ = {isa = PBXFileReference; lastKnownFileType = sourcecode.swift; path = CoverRequest.swift; sourceTree = "<group>"; };
		FC9A1D9E2AC1B18400F1E33E /* Localizable.xcstrings */ = {isa = PBXFileReference; lastKnownFileType = text.json.xcstrings; path = Localizable.xcstrings; sourceTree = "<group>"; };
		FC9EDFCF2AB9C09B00847101 /* MultiRowLabelStyle.swift */ = {isa = PBXFileReference; lastKnownFileType = sourcecode.swift; path = MultiRowLabelStyle.swift; sourceTree = "<group>"; };
		FCABF7EF2AB97B0F00B7E5BA /* NASPlayer.app */ = {isa = PBXFileReference; explicitFileType = wrapper.application; includeInIndex = 0; path = NASPlayer.app; sourceTree = BUILT_PRODUCTS_DIR; };
		FCABF7F22AB97B0F00B7E5BA /* NASPlayerApp.swift */ = {isa = PBXFileReference; lastKnownFileType = sourcecode.swift; path = NASPlayerApp.swift; sourceTree = "<group>"; };
		FCABF7F42AB97B0F00B7E5BA /* ContentView.swift */ = {isa = PBXFileReference; lastKnownFileType = sourcecode.swift; path = ContentView.swift; sourceTree = "<group>"; };
		FCABF7F62AB97B1000B7E5BA /* Assets.xcassets */ = {isa = PBXFileReference; lastKnownFileType = folder.assetcatalog; path = Assets.xcassets; sourceTree = "<group>"; };
		FCABF7F92AB97B1000B7E5BA /* Preview Assets.xcassets */ = {isa = PBXFileReference; lastKnownFileType = folder.assetcatalog; path = "Preview Assets.xcassets"; sourceTree = "<group>"; };
		FCABF7FF2AB97B1000B7E5BA /* NASPlayerTests.xctest */ = {isa = PBXFileReference; explicitFileType = wrapper.cfbundle; includeInIndex = 0; path = NASPlayerTests.xctest; sourceTree = BUILT_PRODUCTS_DIR; };
		FCABF8032AB97B1000B7E5BA /* NASPlayerTests.swift */ = {isa = PBXFileReference; lastKnownFileType = sourcecode.swift; path = NASPlayerTests.swift; sourceTree = "<group>"; };
		FCABF8092AB97B1000B7E5BA /* NASPlayerUITests.xctest */ = {isa = PBXFileReference; explicitFileType = wrapper.cfbundle; includeInIndex = 0; path = NASPlayerUITests.xctest; sourceTree = BUILT_PRODUCTS_DIR; };
		FCABF80D2AB97B1000B7E5BA /* NASPlayerUITests.swift */ = {isa = PBXFileReference; lastKnownFileType = sourcecode.swift; path = NASPlayerUITests.swift; sourceTree = "<group>"; };
		FCABF80F2AB97B1000B7E5BA /* NASPlayerUITestsLaunchTests.swift */ = {isa = PBXFileReference; lastKnownFileType = sourcecode.swift; path = NASPlayerUITestsLaunchTests.swift; sourceTree = "<group>"; };
		FCABF8222AB97C5200B7E5BA /* Device.swift */ = {isa = PBXFileReference; lastKnownFileType = sourcecode.swift; path = Device.swift; sourceTree = "<group>"; };
		FCABF8242AB97CA500B7E5BA /* Device+Equatable.swift */ = {isa = PBXFileReference; lastKnownFileType = sourcecode.swift; path = "Device+Equatable.swift"; sourceTree = "<group>"; };
		FCABF8262AB97D2A00B7E5BA /* Device+CustomString.swift */ = {isa = PBXFileReference; lastKnownFileType = sourcecode.swift; path = "Device+CustomString.swift"; sourceTree = "<group>"; };
		FCABF8282AB97D7800B7E5BA /* Device+Function.swift */ = {isa = PBXFileReference; lastKnownFileType = sourcecode.swift; path = "Device+Function.swift"; sourceTree = "<group>"; };
		FCABF82A2AB97DF600B7E5BA /* Device+Param.swift */ = {isa = PBXFileReference; lastKnownFileType = sourcecode.swift; path = "Device+Param.swift"; sourceTree = "<group>"; };
		FCABF82C2AB97E1F00B7E5BA /* Device+Screen.swift */ = {isa = PBXFileReference; lastKnownFileType = sourcecode.swift; path = "Device+Screen.swift"; sourceTree = "<group>"; };
		FCABF82E2AB97E9000B7E5BA /* Device+Collection.swift */ = {isa = PBXFileReference; lastKnownFileType = sourcecode.swift; path = "Device+Collection.swift"; sourceTree = "<group>"; };
		FCABF8302AB97EEB00B7E5BA /* CharacterSet+.swift */ = {isa = PBXFileReference; lastKnownFileType = sourcecode.swift; path = "CharacterSet+.swift"; sourceTree = "<group>"; };
		FCABF8322AB97F0700B7E5BA /* Color+.swift */ = {isa = PBXFileReference; lastKnownFileType = sourcecode.swift; path = "Color+.swift"; sourceTree = "<group>"; };
		FCABF8342AB97F2600B7E5BA /* Dictionary+.swift */ = {isa = PBXFileReference; lastKnownFileType = sourcecode.swift; path = "Dictionary+.swift"; sourceTree = "<group>"; };
		FCABF8362AB97F3E00B7E5BA /* Data.swift */ = {isa = PBXFileReference; lastKnownFileType = sourcecode.swift; path = Data.swift; sourceTree = "<group>"; };
		FCABF8382AB97F5300B7E5BA /* Genre.swift */ = {isa = PBXFileReference; lastKnownFileType = sourcecode.swift; path = Genre.swift; sourceTree = "<group>"; };
		FCABF83C2AB97F6E00B7E5BA /* Time.swift */ = {isa = PBXFileReference; lastKnownFileType = sourcecode.swift; path = Time.swift; sourceTree = "<group>"; };
		FCABF8422AB9800E00B7E5BA /* Info.plist */ = {isa = PBXFileReference; lastKnownFileType = text.plist; path = Info.plist; sourceTree = "<group>"; };
		FCABF8472AB980A700B7E5BA /* Album.swift */ = {isa = PBXFileReference; lastKnownFileType = sourcecode.swift; path = Album.swift; sourceTree = "<group>"; };
		FCABF8492AB980B800B7E5BA /* Response.swift */ = {isa = PBXFileReference; lastKnownFileType = sourcecode.swift; path = Response.swift; sourceTree = "<group>"; };
		FCABF84B2AB980C800B7E5BA /* Song.swift */ = {isa = PBXFileReference; lastKnownFileType = sourcecode.swift; path = Song.swift; sourceTree = "<group>"; };
		FCABF84D2AB980E000B7E5BA /* AlbumVM.swift */ = {isa = PBXFileReference; lastKnownFileType = sourcecode.swift; path = AlbumVM.swift; sourceTree = "<group>"; };
		FCABF84F2AB980F000B7E5BA /* SongVM.swift */ = {isa = PBXFileReference; lastKnownFileType = sourcecode.swift; path = SongVM.swift; sourceTree = "<group>"; };
		FCABF8552AB9815400B7E5BA /* AlbumListService.swift */ = {isa = PBXFileReference; lastKnownFileType = sourcecode.swift; path = AlbumListService.swift; sourceTree = "<group>"; };
		FCABF85B2AB981B000B7E5BA /* BrowseView.swift */ = {isa = PBXFileReference; lastKnownFileType = sourcecode.swift; path = BrowseView.swift; sourceTree = "<group>"; };
		FCABF85D2AB981C800B7E5BA /* MeView.swift */ = {isa = PBXFileReference; lastKnownFileType = sourcecode.swift; path = MeView.swift; sourceTree = "<group>"; };
		FCABF85F2AB981DD00B7E5BA /* PlaylistsView.swift */ = {isa = PBXFileReference; lastKnownFileType = sourcecode.swift; path = PlaylistsView.swift; sourceTree = "<group>"; };
		FCABF8612AB981FA00B7E5BA /* AlbumCardView.swift */ = {isa = PBXFileReference; lastKnownFileType = sourcecode.swift; path = AlbumCardView.swift; sourceTree = "<group>"; };
		FCABF8632AB9822A00B7E5BA /* AlbumListView.swift */ = {isa = PBXFileReference; lastKnownFileType = sourcecode.swift; path = AlbumListView.swift; sourceTree = "<group>"; };
		FCABF8652AB9823F00B7E5BA /* AlbumDetailView.swift */ = {isa = PBXFileReference; lastKnownFileType = sourcecode.swift; path = AlbumDetailView.swift; sourceTree = "<group>"; };
		FCABF8672AB9828100B7E5BA /* MainTabView.swift */ = {isa = PBXFileReference; lastKnownFileType = sourcecode.swift; path = MainTabView.swift; sourceTree = "<group>"; };
/* End PBXFileReference section */

/* Begin PBXFrameworksBuildPhase section */
		FCABF7EC2AB97B0F00B7E5BA /* Frameworks */ = {
			isa = PBXFrameworksBuildPhase;
			buildActionMask = 2147483647;
			files = (
			);
			runOnlyForDeploymentPostprocessing = 0;
		};
		FCABF7FC2AB97B1000B7E5BA /* Frameworks */ = {
			isa = PBXFrameworksBuildPhase;
			buildActionMask = 2147483647;
			files = (
			);
			runOnlyForDeploymentPostprocessing = 0;
		};
		FCABF8062AB97B1000B7E5BA /* Frameworks */ = {
			isa = PBXFrameworksBuildPhase;
			buildActionMask = 2147483647;
			files = (
			);
			runOnlyForDeploymentPostprocessing = 0;
		};
/* End PBXFrameworksBuildPhase section */

/* Begin PBXGroup section */
		FC76D1FC2ABC3805000A3A08 /* Common */ = {
			isa = PBXGroup;
			children = (
				FC76D1FD2ABC3853000A3A08 /* BannerCoverView.swift */,
				FC76D1FF2ABC391B000A3A08 /* JumboTitleView.swift */,
				FC76D2012ABC39D8000A3A08 /* PlayButtonsView.swift */,
				FC76D2052ABC3C2E000A3A08 /* StatisticsView.swift */,
			);
			path = Common;
			sourceTree = "<group>";
		};
		FC76D2072ABC5593000A3A08 /* Network */ = {
			isa = PBXGroup;
			children = (
				FC76D2082ABC55A4000A3A08 /* Endpoint.swift */,
				FC76D20A2ABC56D3000A3A08 /* Request.swift */,
				FC76D20C2ABC5BBB000A3A08 /* Requestable.swift */,
				FC76D20E2ABC5C49000A3A08 /* NetworkError.swift */,
			);
			path = Network;
			sourceTree = "<group>";
		};
		FC76D2122ABC7139000A3A08 /* Services */ = {
			isa = PBXGroup;
			children = (
				FC76D2132ABC7150000A3A08 /* Album */,
				FC76D21C2ABC7B72000A3A08 /* Playlist */,
			);
			path = Services;
			sourceTree = "<group>";
		};
		FC76D2132ABC7150000A3A08 /* Album */ = {
			isa = PBXGroup;
			children = (
				FC921E982ABD8CCC00D711A4 /* AlbumCoverService.swift */,
				FCABF8552AB9815400B7E5BA /* AlbumListService.swift */,
				FC76D2162ABC73D0000A3A08 /* AlbumSongsService.swift */,
			);
			path = Album;
			sourceTree = "<group>";
		};
		FC76D21C2ABC7B72000A3A08 /* Playlist */ = {
			isa = PBXGroup;
			children = (
				FC921E962ABD8CC400D711A4 /* PlaylistCoverService.swift */,
				FC76D21A2ABC7992000A3A08 /* PlaylistsService.swift */,
				FC76D21D2ABC7BF1000A3A08 /* PlaylistSongsService.swift */,
			);
			path = Playlist;
			sourceTree = "<group>";
		};
		FC9A1D9B2AC1B01200F1E33E /* Localization */ = {
			isa = PBXGroup;
			children = (
				FC9A1D9E2AC1B18400F1E33E /* Localizable.xcstrings */,
			);
			path = Localization;
			sourceTree = "<group>";
		};
		FC9EDFCE2AB9C08200847101 /* Styles */ = {
			isa = PBXGroup;
			children = (
				FC9EDFCF2AB9C09B00847101 /* MultiRowLabelStyle.swift */,
			);
			path = Styles;
			sourceTree = "<group>";
		};
		FCABF7E62AB97B0F00B7E5BA = {
			isa = PBXGroup;
			children = (
				FCABF7F12AB97B0F00B7E5BA /* NASPlayer */,
				FCABF8022AB97B1000B7E5BA /* NASPlayerTests */,
				FCABF80C2AB97B1000B7E5BA /* NASPlayerUITests */,
				FCABF7F02AB97B0F00B7E5BA /* Products */,
			);
			sourceTree = "<group>";
		};
		FCABF7F02AB97B0F00B7E5BA /* Products */ = {
			isa = PBXGroup;
			children = (
				FCABF7EF2AB97B0F00B7E5BA /* NASPlayer.app */,
				FCABF7FF2AB97B1000B7E5BA /* NASPlayerTests.xctest */,
				FCABF8092AB97B1000B7E5BA /* NASPlayerUITests.xctest */,
			);
			name = Products;
			sourceTree = "<group>";
		};
		FCABF7F12AB97B0F00B7E5BA /* NASPlayer */ = {
			isa = PBXGroup;
			children = (
				FCABF8422AB9800E00B7E5BA /* Info.plist */,
				FCABF7F22AB97B0F00B7E5BA /* NASPlayerApp.swift */,
				FCABF81D2AB97BFF00B7E5BA /* Views */,
				FCABF8432AB9807400B7E5BA /* Data */,
				FC76D2122ABC7139000A3A08 /* Services */,
				FCABF81C2AB97BF800B7E5BA /* Utils */,
				FCABF7F62AB97B1000B7E5BA /* Assets.xcassets */,
				FCABF7F82AB97B1000B7E5BA /* Preview Content */,
			);
			path = NASPlayer;
			sourceTree = "<group>";
		};
		FCABF7F82AB97B1000B7E5BA /* Preview Content */ = {
			isa = PBXGroup;
			children = (
				FCABF7F92AB97B1000B7E5BA /* Preview Assets.xcassets */,
			);
			path = "Preview Content";
			sourceTree = "<group>";
		};
		FCABF8022AB97B1000B7E5BA /* NASPlayerTests */ = {
			isa = PBXGroup;
			children = (
				FCABF8032AB97B1000B7E5BA /* NASPlayerTests.swift */,
			);
			path = NASPlayerTests;
			sourceTree = "<group>";
		};
		FCABF80C2AB97B1000B7E5BA /* NASPlayerUITests */ = {
			isa = PBXGroup;
			children = (
				FCABF80D2AB97B1000B7E5BA /* NASPlayerUITests.swift */,
				FCABF80F2AB97B1000B7E5BA /* NASPlayerUITestsLaunchTests.swift */,
			);
			path = NASPlayerUITests;
			sourceTree = "<group>";
		};
		FCABF81C2AB97BF800B7E5BA /* Utils */ = {
			isa = PBXGroup;
			children = (
				FCABF81E2AB97C0F00B7E5BA /* Device */,
				FCABF81F2AB97C1A00B7E5BA /* Extensions */,
				FCABF8202AB97C2000B7E5BA /* Formatters */,
				FC9A1D9B2AC1B01200F1E33E /* Localization */,
				FC76D2072ABC5593000A3A08 /* Network */,
				FCABF8452AB9808A00B7E5BA /* Requests */,
				FC9EDFCE2AB9C08200847101 /* Styles */,
			);
			path = Utils;
			sourceTree = "<group>";
		};
		FCABF81D2AB97BFF00B7E5BA /* Views */ = {
			isa = PBXGroup;
			children = (
				FCABF7F42AB97B0F00B7E5BA /* ContentView.swift */,
				FCABF8672AB9828100B7E5BA /* MainTabView.swift */,
				FC76D1FC2ABC3805000A3A08 /* Common */,
				FCABF8582AB9817800B7E5BA /* Browse */,
				FCABF8572AB9817100B7E5BA /* Album */,
				FCABF85A2AB9818300B7E5BA /* Playlist */,
				FCABF8592AB9817F00B7E5BA /* Me */,
			);
			path = Views;
			sourceTree = "<group>";
		};
		FCABF81E2AB97C0F00B7E5BA /* Device */ = {
			isa = PBXGroup;
			children = (
				FCABF8222AB97C5200B7E5BA /* Device.swift */,
				FCABF8242AB97CA500B7E5BA /* Device+Equatable.swift */,
				FCABF8262AB97D2A00B7E5BA /* Device+CustomString.swift */,
				FCABF8282AB97D7800B7E5BA /* Device+Function.swift */,
				FCABF82A2AB97DF600B7E5BA /* Device+Param.swift */,
				FCABF82C2AB97E1F00B7E5BA /* Device+Screen.swift */,
				FCABF82E2AB97E9000B7E5BA /* Device+Collection.swift */,
			);
			path = Device;
			sourceTree = "<group>";
		};
		FCABF81F2AB97C1A00B7E5BA /* Extensions */ = {
			isa = PBXGroup;
			children = (
				FCABF8302AB97EEB00B7E5BA /* CharacterSet+.swift */,
				FCABF8322AB97F0700B7E5BA /* Color+.swift */,
				FCABF8342AB97F2600B7E5BA /* Dictionary+.swift */,
			);
			path = Extensions;
			sourceTree = "<group>";
		};
		FCABF8202AB97C2000B7E5BA /* Formatters */ = {
			isa = PBXGroup;
			children = (
				FCABF8362AB97F3E00B7E5BA /* Data.swift */,
				FCABF8382AB97F5300B7E5BA /* Genre.swift */,
				FCABF83C2AB97F6E00B7E5BA /* Time.swift */,
			);
			path = Formatters;
			sourceTree = "<group>";
		};
		FCABF8432AB9807400B7E5BA /* Data */ = {
			isa = PBXGroup;
			children = (
				FCABF8442AB9808500B7E5BA /* Models */,
				FCABF8462AB9809300B7E5BA /* View Models */,
			);
			path = Data;
			sourceTree = "<group>";
		};
		FCABF8442AB9808500B7E5BA /* Models */ = {
			isa = PBXGroup;
			children = (
				FCABF8492AB980B800B7E5BA /* Response.swift */,
				FCABF84B2AB980C800B7E5BA /* Song.swift */,
				FCABF8472AB980A700B7E5BA /* Album.swift */,
				FC0C99C82ABB131E00259897 /* Playlist.swift */,
			);
			path = Models;
			sourceTree = "<group>";
		};
		FCABF8452AB9808A00B7E5BA /* Requests */ = {
			isa = PBXGroup;
			children = (
				FC76D2102ABC631B000A3A08 /* AlbumRequest.swift */,
				FC76D2142ABC71D5000A3A08 /* SongRequest.swift */,
				FC76D2182ABC76BE000A3A08 /* PlaylistRequest.swift */,
				FC921E9A2ABD8FF200D711A4 /* CoverRequest.swift */,
			);
			path = Requests;
			sourceTree = "<group>";
		};
		FCABF8462AB9809300B7E5BA /* View Models */ = {
			isa = PBXGroup;
			children = (
				FCABF84F2AB980F000B7E5BA /* SongVM.swift */,
				FCABF84D2AB980E000B7E5BA /* AlbumVM.swift */,
				FC0C99C62ABB130E00259897 /* PlaylistVM.swift */,
			);
			path = "View Models";
			sourceTree = "<group>";
		};
		FCABF8572AB9817100B7E5BA /* Album */ = {
			isa = PBXGroup;
			children = (
				FCABF8612AB981FA00B7E5BA /* AlbumCardView.swift */,
				FCABF8632AB9822A00B7E5BA /* AlbumListView.swift */,
				FCABF8652AB9823F00B7E5BA /* AlbumDetailView.swift */,
				FC76D2032ABC3B01000A3A08 /* AlbumSongListView.swift */,
			);
			path = Album;
			sourceTree = "<group>";
		};
		FCABF8582AB9817800B7E5BA /* Browse */ = {
			isa = PBXGroup;
			children = (
				FCABF85B2AB981B000B7E5BA /* BrowseView.swift */,
			);
			path = Browse;
			sourceTree = "<group>";
		};
		FCABF8592AB9817F00B7E5BA /* Me */ = {
			isa = PBXGroup;
			children = (
				FCABF85D2AB981C800B7E5BA /* MeView.swift */,
			);
			path = Me;
			sourceTree = "<group>";
		};
		FCABF85A2AB9818300B7E5BA /* Playlist */ = {
			isa = PBXGroup;
			children = (
				FC0C99CA2ABB1CEF00259897 /* PlaylistEntryView.swift */,
				FCABF85F2AB981DD00B7E5BA /* PlaylistsView.swift */,
				FC0C99CE2ABB225500259897 /* PlaylistDetailView.swift */,
			);
			path = Playlist;
			sourceTree = "<group>";
		};
/* End PBXGroup section */

/* Begin PBXNativeTarget section */
		FCABF7EE2AB97B0F00B7E5BA /* NASPlayer */ = {
			isa = PBXNativeTarget;
			buildConfigurationList = FCABF8132AB97B1000B7E5BA /* Build configuration list for PBXNativeTarget "NASPlayer" */;
			buildPhases = (
				FCABF7EB2AB97B0F00B7E5BA /* Sources */,
				FCABF7EC2AB97B0F00B7E5BA /* Frameworks */,
				FCABF7ED2AB97B0F00B7E5BA /* Resources */,
			);
			buildRules = (
			);
			dependencies = (
			);
			name = NASPlayer;
			productName = NASPlayer;
			productReference = FCABF7EF2AB97B0F00B7E5BA /* NASPlayer.app */;
			productType = "com.apple.product-type.application";
		};
		FCABF7FE2AB97B1000B7E5BA /* NASPlayerTests */ = {
			isa = PBXNativeTarget;
			buildConfigurationList = FCABF8162AB97B1000B7E5BA /* Build configuration list for PBXNativeTarget "NASPlayerTests" */;
			buildPhases = (
				FCABF7FB2AB97B1000B7E5BA /* Sources */,
				FCABF7FC2AB97B1000B7E5BA /* Frameworks */,
				FCABF7FD2AB97B1000B7E5BA /* Resources */,
			);
			buildRules = (
			);
			dependencies = (
				FCABF8012AB97B1000B7E5BA /* PBXTargetDependency */,
			);
			name = NASPlayerTests;
			productName = NASPlayerTests;
			productReference = FCABF7FF2AB97B1000B7E5BA /* NASPlayerTests.xctest */;
			productType = "com.apple.product-type.bundle.unit-test";
		};
		FCABF8082AB97B1000B7E5BA /* NASPlayerUITests */ = {
			isa = PBXNativeTarget;
			buildConfigurationList = FCABF8192AB97B1000B7E5BA /* Build configuration list for PBXNativeTarget "NASPlayerUITests" */;
			buildPhases = (
				FCABF8052AB97B1000B7E5BA /* Sources */,
				FCABF8062AB97B1000B7E5BA /* Frameworks */,
				FCABF8072AB97B1000B7E5BA /* Resources */,
			);
			buildRules = (
			);
			dependencies = (
				FCABF80B2AB97B1000B7E5BA /* PBXTargetDependency */,
			);
			name = NASPlayerUITests;
			productName = NASPlayerUITests;
			productReference = FCABF8092AB97B1000B7E5BA /* NASPlayerUITests.xctest */;
			productType = "com.apple.product-type.bundle.ui-testing";
		};
/* End PBXNativeTarget section */

/* Begin PBXProject section */
		FCABF7E72AB97B0F00B7E5BA /* Project object */ = {
			isa = PBXProject;
			attributes = {
				BuildIndependentTargetsInParallel = 1;
				LastSwiftUpdateCheck = 1500;
				LastUpgradeCheck = 1500;
				TargetAttributes = {
					FCABF7EE2AB97B0F00B7E5BA = {
						CreatedOnToolsVersion = 15.0;
					};
					FCABF7FE2AB97B1000B7E5BA = {
						CreatedOnToolsVersion = 15.0;
						TestTargetID = FCABF7EE2AB97B0F00B7E5BA;
					};
					FCABF8082AB97B1000B7E5BA = {
						CreatedOnToolsVersion = 15.0;
						TestTargetID = FCABF7EE2AB97B0F00B7E5BA;
					};
				};
			};
			buildConfigurationList = FCABF7EA2AB97B0F00B7E5BA /* Build configuration list for PBXProject "NASPlayer" */;
			compatibilityVersion = "Xcode 14.0";
			developmentRegion = en;
			hasScannedForEncodings = 0;
			knownRegions = (
				en,
				Base,
				"zh-Hans",
			);
			mainGroup = FCABF7E62AB97B0F00B7E5BA;
			productRefGroup = FCABF7F02AB97B0F00B7E5BA /* Products */;
			projectDirPath = "";
			projectRoot = "";
			targets = (
				FCABF7EE2AB97B0F00B7E5BA /* NASPlayer */,
				FCABF7FE2AB97B1000B7E5BA /* NASPlayerTests */,
				FCABF8082AB97B1000B7E5BA /* NASPlayerUITests */,
			);
		};
/* End PBXProject section */

/* Begin PBXResourcesBuildPhase section */
		FCABF7ED2AB97B0F00B7E5BA /* Resources */ = {
			isa = PBXResourcesBuildPhase;
			buildActionMask = 2147483647;
			files = (
				FCABF7FA2AB97B1000B7E5BA /* Preview Assets.xcassets in Resources */,
				FCABF7F72AB97B1000B7E5BA /* Assets.xcassets in Resources */,
				FC9A1D9F2AC1B18400F1E33E /* Localizable.xcstrings in Resources */,
			);
			runOnlyForDeploymentPostprocessing = 0;
		};
		FCABF7FD2AB97B1000B7E5BA /* Resources */ = {
			isa = PBXResourcesBuildPhase;
			buildActionMask = 2147483647;
			files = (
			);
			runOnlyForDeploymentPostprocessing = 0;
		};
		FCABF8072AB97B1000B7E5BA /* Resources */ = {
			isa = PBXResourcesBuildPhase;
			buildActionMask = 2147483647;
			files = (
			);
			runOnlyForDeploymentPostprocessing = 0;
		};
/* End PBXResourcesBuildPhase section */

/* Begin PBXSourcesBuildPhase section */
		FCABF7EB2AB97B0F00B7E5BA /* Sources */ = {
			isa = PBXSourcesBuildPhase;
			buildActionMask = 2147483647;
			files = (
				FCABF85E2AB981C800B7E5BA /* MeView.swift in Sources */,
				FCABF84C2AB980C800B7E5BA /* Song.swift in Sources */,
				FC0C99C92ABB131E00259897 /* Playlist.swift in Sources */,
				FCABF8252AB97CA500B7E5BA /* Device+Equatable.swift in Sources */,
				FCABF82D2AB97E1F00B7E5BA /* Device+Screen.swift in Sources */,
				FCABF8682AB9828100B7E5BA /* MainTabView.swift in Sources */,
				FCABF8502AB980F000B7E5BA /* SongVM.swift in Sources */,
				FCABF8482AB980A700B7E5BA /* Album.swift in Sources */,
				FC76D2022ABC39D8000A3A08 /* PlayButtonsView.swift in Sources */,
				FC76D2172ABC73D0000A3A08 /* AlbumSongsService.swift in Sources */,
				FC9EDFD02AB9C09B00847101 /* MultiRowLabelStyle.swift in Sources */,
				FC76D2152ABC71D5000A3A08 /* SongRequest.swift in Sources */,
				FC921E9B2ABD8FF200D711A4 /* CoverRequest.swift in Sources */,
				FCABF84A2AB980B800B7E5BA /* Response.swift in Sources */,
				FCABF82B2AB97DF600B7E5BA /* Device+Param.swift in Sources */,
				FCABF83D2AB97F6E00B7E5BA /* Time.swift in Sources */,
				FC921E992ABD8CCC00D711A4 /* AlbumCoverService.swift in Sources */,
				FCABF82F2AB97E9000B7E5BA /* Device+Collection.swift in Sources */,
				FCABF8292AB97D7800B7E5BA /* Device+Function.swift in Sources */,
				FCABF8602AB981DD00B7E5BA /* PlaylistsView.swift in Sources */,
				FC76D20F2ABC5C49000A3A08 /* NetworkError.swift in Sources */,
				FC76D21E2ABC7BF1000A3A08 /* PlaylistSongsService.swift in Sources */,
				FCABF84E2AB980E000B7E5BA /* AlbumVM.swift in Sources */,
				FC0C99CB2ABB1CEF00259897 /* PlaylistEntryView.swift in Sources */,
				FC76D1FE2ABC3853000A3A08 /* BannerCoverView.swift in Sources */,
				FC921E972ABD8CC400D711A4 /* PlaylistCoverService.swift in Sources */,
				FCABF8662AB9823F00B7E5BA /* AlbumDetailView.swift in Sources */,
				FCABF8562AB9815400B7E5BA /* AlbumListService.swift in Sources */,
				FC76D2192ABC76BE000A3A08 /* PlaylistRequest.swift in Sources */,
				FC76D20B2ABC56D3000A3A08 /* Request.swift in Sources */,
				FC0C99C72ABB130E00259897 /* PlaylistVM.swift in Sources */,
				FCABF8352AB97F2600B7E5BA /* Dictionary+.swift in Sources */,
				FC76D20D2ABC5BBB000A3A08 /* Requestable.swift in Sources */,
				FCABF8232AB97C5200B7E5BA /* Device.swift in Sources */,
				FC0C99CF2ABB225600259897 /* PlaylistDetailView.swift in Sources */,
				FC76D2002ABC391B000A3A08 /* JumboTitleView.swift in Sources */,
				FCABF8272AB97D2A00B7E5BA /* Device+CustomString.swift in Sources */,
				FCABF8372AB97F3E00B7E5BA /* Data.swift in Sources */,
				FCABF85C2AB981B000B7E5BA /* BrowseView.swift in Sources */,
				FCABF7F52AB97B0F00B7E5BA /* ContentView.swift in Sources */,
				FC76D2042ABC3B01000A3A08 /* AlbumSongListView.swift in Sources */,
				FC76D2062ABC3C2E000A3A08 /* StatisticsView.swift in Sources */,
				FC76D2092ABC55A4000A3A08 /* Endpoint.swift in Sources */,
				FCABF8332AB97F0700B7E5BA /* Color+.swift in Sources */,
				FCABF8312AB97EEB00B7E5BA /* CharacterSet+.swift in Sources */,
				FC76D2112ABC631B000A3A08 /* AlbumRequest.swift in Sources */,
				FCABF7F32AB97B0F00B7E5BA /* NASPlayerApp.swift in Sources */,
				FCABF8642AB9822A00B7E5BA /* AlbumListView.swift in Sources */,
				FCABF8622AB981FA00B7E5BA /* AlbumCardView.swift in Sources */,
				FCABF8392AB97F5300B7E5BA /* Genre.swift in Sources */,
				FC76D21B2ABC7992000A3A08 /* PlaylistsService.swift in Sources */,
			);
			runOnlyForDeploymentPostprocessing = 0;
		};
		FCABF7FB2AB97B1000B7E5BA /* Sources */ = {
			isa = PBXSourcesBuildPhase;
			buildActionMask = 2147483647;
			files = (
				FCABF8042AB97B1000B7E5BA /* NASPlayerTests.swift in Sources */,
			);
			runOnlyForDeploymentPostprocessing = 0;
		};
		FCABF8052AB97B1000B7E5BA /* Sources */ = {
			isa = PBXSourcesBuildPhase;
			buildActionMask = 2147483647;
			files = (
				FCABF8102AB97B1000B7E5BA /* NASPlayerUITestsLaunchTests.swift in Sources */,
				FCABF80E2AB97B1000B7E5BA /* NASPlayerUITests.swift in Sources */,
			);
			runOnlyForDeploymentPostprocessing = 0;
		};
/* End PBXSourcesBuildPhase section */

/* Begin PBXTargetDependency section */
		FCABF8012AB97B1000B7E5BA /* PBXTargetDependency */ = {
			isa = PBXTargetDependency;
			target = FCABF7EE2AB97B0F00B7E5BA /* NASPlayer */;
			targetProxy = FCABF8002AB97B1000B7E5BA /* PBXContainerItemProxy */;
		};
		FCABF80B2AB97B1000B7E5BA /* PBXTargetDependency */ = {
			isa = PBXTargetDependency;
			target = FCABF7EE2AB97B0F00B7E5BA /* NASPlayer */;
			targetProxy = FCABF80A2AB97B1000B7E5BA /* PBXContainerItemProxy */;
		};
/* End PBXTargetDependency section */

/* Begin XCBuildConfiguration section */
		FCABF8112AB97B1000B7E5BA /* Debug */ = {
			isa = XCBuildConfiguration;
			buildSettings = {
				ALWAYS_SEARCH_USER_PATHS = NO;
				ASSETCATALOG_COMPILER_GENERATE_SWIFT_ASSET_SYMBOL_EXTENSIONS = YES;
				CLANG_ANALYZER_NONNULL = YES;
				CLANG_ANALYZER_NUMBER_OBJECT_CONVERSION = YES_AGGRESSIVE;
				CLANG_CXX_LANGUAGE_STANDARD = "gnu++20";
				CLANG_ENABLE_MODULES = YES;
				CLANG_ENABLE_OBJC_ARC = YES;
				CLANG_ENABLE_OBJC_WEAK = YES;
				CLANG_WARN_BLOCK_CAPTURE_AUTORELEASING = YES;
				CLANG_WARN_BOOL_CONVERSION = YES;
				CLANG_WARN_COMMA = YES;
				CLANG_WARN_CONSTANT_CONVERSION = YES;
				CLANG_WARN_DEPRECATED_OBJC_IMPLEMENTATIONS = YES;
				CLANG_WARN_DIRECT_OBJC_ISA_USAGE = YES_ERROR;
				CLANG_WARN_DOCUMENTATION_COMMENTS = YES;
				CLANG_WARN_EMPTY_BODY = YES;
				CLANG_WARN_ENUM_CONVERSION = YES;
				CLANG_WARN_INFINITE_RECURSION = YES;
				CLANG_WARN_INT_CONVERSION = YES;
				CLANG_WARN_NON_LITERAL_NULL_CONVERSION = YES;
				CLANG_WARN_OBJC_IMPLICIT_RETAIN_SELF = YES;
				CLANG_WARN_OBJC_LITERAL_CONVERSION = YES;
				CLANG_WARN_OBJC_ROOT_CLASS = YES_ERROR;
				CLANG_WARN_QUOTED_INCLUDE_IN_FRAMEWORK_HEADER = YES;
				CLANG_WARN_RANGE_LOOP_ANALYSIS = YES;
				CLANG_WARN_STRICT_PROTOTYPES = YES;
				CLANG_WARN_SUSPICIOUS_MOVE = YES;
				CLANG_WARN_UNGUARDED_AVAILABILITY = YES_AGGRESSIVE;
				CLANG_WARN_UNREACHABLE_CODE = YES;
				CLANG_WARN__DUPLICATE_METHOD_MATCH = YES;
				COPY_PHASE_STRIP = NO;
				DEBUG_INFORMATION_FORMAT = dwarf;
				ENABLE_STRICT_OBJC_MSGSEND = YES;
				ENABLE_TESTABILITY = YES;
				ENABLE_USER_SCRIPT_SANDBOXING = YES;
				GCC_C_LANGUAGE_STANDARD = gnu17;
				GCC_DYNAMIC_NO_PIC = NO;
				GCC_NO_COMMON_BLOCKS = YES;
				GCC_OPTIMIZATION_LEVEL = 0;
				GCC_PREPROCESSOR_DEFINITIONS = (
					"DEBUG=1",
					"$(inherited)",
				);
				GCC_WARN_64_TO_32_BIT_CONVERSION = YES;
				GCC_WARN_ABOUT_RETURN_TYPE = YES_ERROR;
				GCC_WARN_UNDECLARED_SELECTOR = YES;
				GCC_WARN_UNINITIALIZED_AUTOS = YES_AGGRESSIVE;
				GCC_WARN_UNUSED_FUNCTION = YES;
				GCC_WARN_UNUSED_VARIABLE = YES;
				IPHONEOS_DEPLOYMENT_TARGET = 17.0;
				LOCALIZATION_PREFERS_STRING_CATALOGS = YES;
				MTL_ENABLE_DEBUG_INFO = INCLUDE_SOURCE;
				MTL_FAST_MATH = YES;
				ONLY_ACTIVE_ARCH = YES;
				SDKROOT = iphoneos;
				SWIFT_ACTIVE_COMPILATION_CONDITIONS = "DEBUG $(inherited)";
				SWIFT_OPTIMIZATION_LEVEL = "-Onone";
			};
			name = Debug;
		};
		FCABF8122AB97B1000B7E5BA /* Release */ = {
			isa = XCBuildConfiguration;
			buildSettings = {
				ALWAYS_SEARCH_USER_PATHS = NO;
				ASSETCATALOG_COMPILER_GENERATE_SWIFT_ASSET_SYMBOL_EXTENSIONS = YES;
				CLANG_ANALYZER_NONNULL = YES;
				CLANG_ANALYZER_NUMBER_OBJECT_CONVERSION = YES_AGGRESSIVE;
				CLANG_CXX_LANGUAGE_STANDARD = "gnu++20";
				CLANG_ENABLE_MODULES = YES;
				CLANG_ENABLE_OBJC_ARC = YES;
				CLANG_ENABLE_OBJC_WEAK = YES;
				CLANG_WARN_BLOCK_CAPTURE_AUTORELEASING = YES;
				CLANG_WARN_BOOL_CONVERSION = YES;
				CLANG_WARN_COMMA = YES;
				CLANG_WARN_CONSTANT_CONVERSION = YES;
				CLANG_WARN_DEPRECATED_OBJC_IMPLEMENTATIONS = YES;
				CLANG_WARN_DIRECT_OBJC_ISA_USAGE = YES_ERROR;
				CLANG_WARN_DOCUMENTATION_COMMENTS = YES;
				CLANG_WARN_EMPTY_BODY = YES;
				CLANG_WARN_ENUM_CONVERSION = YES;
				CLANG_WARN_INFINITE_RECURSION = YES;
				CLANG_WARN_INT_CONVERSION = YES;
				CLANG_WARN_NON_LITERAL_NULL_CONVERSION = YES;
				CLANG_WARN_OBJC_IMPLICIT_RETAIN_SELF = YES;
				CLANG_WARN_OBJC_LITERAL_CONVERSION = YES;
				CLANG_WARN_OBJC_ROOT_CLASS = YES_ERROR;
				CLANG_WARN_QUOTED_INCLUDE_IN_FRAMEWORK_HEADER = YES;
				CLANG_WARN_RANGE_LOOP_ANALYSIS = YES;
				CLANG_WARN_STRICT_PROTOTYPES = YES;
				CLANG_WARN_SUSPICIOUS_MOVE = YES;
				CLANG_WARN_UNGUARDED_AVAILABILITY = YES_AGGRESSIVE;
				CLANG_WARN_UNREACHABLE_CODE = YES;
				CLANG_WARN__DUPLICATE_METHOD_MATCH = YES;
				COPY_PHASE_STRIP = NO;
				DEBUG_INFORMATION_FORMAT = "dwarf-with-dsym";
				ENABLE_NS_ASSERTIONS = NO;
				ENABLE_STRICT_OBJC_MSGSEND = YES;
				ENABLE_USER_SCRIPT_SANDBOXING = YES;
				GCC_C_LANGUAGE_STANDARD = gnu17;
				GCC_NO_COMMON_BLOCKS = YES;
				GCC_WARN_64_TO_32_BIT_CONVERSION = YES;
				GCC_WARN_ABOUT_RETURN_TYPE = YES_ERROR;
				GCC_WARN_UNDECLARED_SELECTOR = YES;
				GCC_WARN_UNINITIALIZED_AUTOS = YES_AGGRESSIVE;
				GCC_WARN_UNUSED_FUNCTION = YES;
				GCC_WARN_UNUSED_VARIABLE = YES;
				IPHONEOS_DEPLOYMENT_TARGET = 17.0;
				LOCALIZATION_PREFERS_STRING_CATALOGS = YES;
				MTL_ENABLE_DEBUG_INFO = NO;
				MTL_FAST_MATH = YES;
				SDKROOT = iphoneos;
				SWIFT_COMPILATION_MODE = wholemodule;
				VALIDATE_PRODUCT = YES;
			};
			name = Release;
		};
		FCABF8142AB97B1000B7E5BA /* Debug */ = {
			isa = XCBuildConfiguration;
			buildSettings = {
				ASSETCATALOG_COMPILER_APPICON_NAME = AppIcon;
				ASSETCATALOG_COMPILER_GLOBAL_ACCENT_COLOR_NAME = AccentColor;
				CODE_SIGN_STYLE = Automatic;
				CURRENT_PROJECT_VERSION = 1;
				DEVELOPMENT_ASSET_PATHS = "\"NASPlayer/Preview Content\"";
				DEVELOPMENT_TEAM = SH73HH2S2R;
				ENABLE_PREVIEWS = YES;
				GENERATE_INFOPLIST_FILE = YES;
				INFOPLIST_FILE = NASPlayer/Info.plist;
				INFOPLIST_KEY_UIApplicationSceneManifest_Generation = YES;
				INFOPLIST_KEY_UIApplicationSupportsIndirectInputEvents = YES;
				INFOPLIST_KEY_UILaunchScreen_Generation = YES;
				INFOPLIST_KEY_UISupportedInterfaceOrientations_iPad = "UIInterfaceOrientationPortrait UIInterfaceOrientationPortraitUpsideDown UIInterfaceOrientationLandscapeLeft UIInterfaceOrientationLandscapeRight";
				INFOPLIST_KEY_UISupportedInterfaceOrientations_iPhone = "UIInterfaceOrientationPortrait UIInterfaceOrientationLandscapeLeft UIInterfaceOrientationLandscapeRight";
				LD_RUNPATH_SEARCH_PATHS = (
					"$(inherited)",
					"@executable_path/Frameworks",
				);
				MARKETING_VERSION = 1.0;
				PRODUCT_BUNDLE_IDENTIFIER = net.herculas.NASPlayer;
				PRODUCT_NAME = "$(TARGET_NAME)";
				SWIFT_EMIT_LOC_STRINGS = YES;
				SWIFT_VERSION = 5.0;
				TARGETED_DEVICE_FAMILY = "1,2";
			};
			name = Debug;
		};
		FCABF8152AB97B1000B7E5BA /* Release */ = {
			isa = XCBuildConfiguration;
			buildSettings = {
				ASSETCATALOG_COMPILER_APPICON_NAME = AppIcon;
				ASSETCATALOG_COMPILER_GLOBAL_ACCENT_COLOR_NAME = AccentColor;
				CODE_SIGN_STYLE = Automatic;
				CURRENT_PROJECT_VERSION = 1;
				DEVELOPMENT_ASSET_PATHS = "\"NASPlayer/Preview Content\"";
				DEVELOPMENT_TEAM = SH73HH2S2R;
				ENABLE_PREVIEWS = YES;
				GENERATE_INFOPLIST_FILE = YES;
				INFOPLIST_FILE = NASPlayer/Info.plist;
				INFOPLIST_KEY_UIApplicationSceneManifest_Generation = YES;
				INFOPLIST_KEY_UIApplicationSupportsIndirectInputEvents = YES;
				INFOPLIST_KEY_UILaunchScreen_Generation = YES;
				INFOPLIST_KEY_UISupportedInterfaceOrientations_iPad = "UIInterfaceOrientationPortrait UIInterfaceOrientationPortraitUpsideDown UIInterfaceOrientationLandscapeLeft UIInterfaceOrientationLandscapeRight";
				INFOPLIST_KEY_UISupportedInterfaceOrientations_iPhone = "UIInterfaceOrientationPortrait UIInterfaceOrientationLandscapeLeft UIInterfaceOrientationLandscapeRight";
				LD_RUNPATH_SEARCH_PATHS = (
					"$(inherited)",
					"@executable_path/Frameworks",
				);
				MARKETING_VERSION = 1.0;
				PRODUCT_BUNDLE_IDENTIFIER = net.herculas.NASPlayer;
				PRODUCT_NAME = "$(TARGET_NAME)";
				SWIFT_EMIT_LOC_STRINGS = YES;
				SWIFT_VERSION = 5.0;
				TARGETED_DEVICE_FAMILY = "1,2";
			};
			name = Release;
		};
		FCABF8172AB97B1000B7E5BA /* Debug */ = {
			isa = XCBuildConfiguration;
			buildSettings = {
				ALWAYS_EMBED_SWIFT_STANDARD_LIBRARIES = YES;
				BUNDLE_LOADER = "$(TEST_HOST)";
				CODE_SIGN_STYLE = Automatic;
				CURRENT_PROJECT_VERSION = 1;
				DEVELOPMENT_TEAM = SH73HH2S2R;
				GENERATE_INFOPLIST_FILE = YES;
				IPHONEOS_DEPLOYMENT_TARGET = 17.0;
				MARKETING_VERSION = 1.0;
				PRODUCT_BUNDLE_IDENTIFIER = net.herculas.NASPlayerTests;
				PRODUCT_NAME = "$(TARGET_NAME)";
				SWIFT_EMIT_LOC_STRINGS = NO;
				SWIFT_VERSION = 5.0;
				TARGETED_DEVICE_FAMILY = "1,2";
				TEST_HOST = "$(BUILT_PRODUCTS_DIR)/NASPlayer.app/$(BUNDLE_EXECUTABLE_FOLDER_PATH)/NASPlayer";
			};
			name = Debug;
		};
		FCABF8182AB97B1000B7E5BA /* Release */ = {
			isa = XCBuildConfiguration;
			buildSettings = {
				ALWAYS_EMBED_SWIFT_STANDARD_LIBRARIES = YES;
				BUNDLE_LOADER = "$(TEST_HOST)";
				CODE_SIGN_STYLE = Automatic;
				CURRENT_PROJECT_VERSION = 1;
				DEVELOPMENT_TEAM = SH73HH2S2R;
				GENERATE_INFOPLIST_FILE = YES;
				IPHONEOS_DEPLOYMENT_TARGET = 17.0;
				MARKETING_VERSION = 1.0;
				PRODUCT_BUNDLE_IDENTIFIER = net.herculas.NASPlayerTests;
				PRODUCT_NAME = "$(TARGET_NAME)";
				SWIFT_EMIT_LOC_STRINGS = NO;
				SWIFT_VERSION = 5.0;
				TARGETED_DEVICE_FAMILY = "1,2";
				TEST_HOST = "$(BUILT_PRODUCTS_DIR)/NASPlayer.app/$(BUNDLE_EXECUTABLE_FOLDER_PATH)/NASPlayer";
			};
			name = Release;
		};
		FCABF81A2AB97B1000B7E5BA /* Debug */ = {
			isa = XCBuildConfiguration;
			buildSettings = {
				ALWAYS_EMBED_SWIFT_STANDARD_LIBRARIES = YES;
				CODE_SIGN_STYLE = Automatic;
				CURRENT_PROJECT_VERSION = 1;
				DEVELOPMENT_TEAM = SH73HH2S2R;
				GENERATE_INFOPLIST_FILE = YES;
				MARKETING_VERSION = 1.0;
				PRODUCT_BUNDLE_IDENTIFIER = net.herculas.NASPlayerUITests;
				PRODUCT_NAME = "$(TARGET_NAME)";
				SWIFT_EMIT_LOC_STRINGS = NO;
				SWIFT_VERSION = 5.0;
				TARGETED_DEVICE_FAMILY = "1,2";
				TEST_TARGET_NAME = NASPlayer;
			};
			name = Debug;
		};
		FCABF81B2AB97B1000B7E5BA /* Release */ = {
			isa = XCBuildConfiguration;
			buildSettings = {
				ALWAYS_EMBED_SWIFT_STANDARD_LIBRARIES = YES;
				CODE_SIGN_STYLE = Automatic;
				CURRENT_PROJECT_VERSION = 1;
				DEVELOPMENT_TEAM = SH73HH2S2R;
				GENERATE_INFOPLIST_FILE = YES;
				MARKETING_VERSION = 1.0;
				PRODUCT_BUNDLE_IDENTIFIER = net.herculas.NASPlayerUITests;
				PRODUCT_NAME = "$(TARGET_NAME)";
				SWIFT_EMIT_LOC_STRINGS = NO;
				SWIFT_VERSION = 5.0;
				TARGETED_DEVICE_FAMILY = "1,2";
				TEST_TARGET_NAME = NASPlayer;
			};
			name = Release;
		};
/* End XCBuildConfiguration section */

/* Begin XCConfigurationList section */
		FCABF7EA2AB97B0F00B7E5BA /* Build configuration list for PBXProject "NASPlayer" */ = {
			isa = XCConfigurationList;
			buildConfigurations = (
				FCABF8112AB97B1000B7E5BA /* Debug */,
				FCABF8122AB97B1000B7E5BA /* Release */,
			);
			defaultConfigurationIsVisible = 0;
			defaultConfigurationName = Release;
		};
		FCABF8132AB97B1000B7E5BA /* Build configuration list for PBXNativeTarget "NASPlayer" */ = {
			isa = XCConfigurationList;
			buildConfigurations = (
				FCABF8142AB97B1000B7E5BA /* Debug */,
				FCABF8152AB97B1000B7E5BA /* Release */,
			);
			defaultConfigurationIsVisible = 0;
			defaultConfigurationName = Release;
		};
		FCABF8162AB97B1000B7E5BA /* Build configuration list for PBXNativeTarget "NASPlayerTests" */ = {
			isa = XCConfigurationList;
			buildConfigurations = (
				FCABF8172AB97B1000B7E5BA /* Debug */,
				FCABF8182AB97B1000B7E5BA /* Release */,
			);
			defaultConfigurationIsVisible = 0;
			defaultConfigurationName = Release;
		};
		FCABF8192AB97B1000B7E5BA /* Build configuration list for PBXNativeTarget "NASPlayerUITests" */ = {
			isa = XCConfigurationList;
			buildConfigurations = (
				FCABF81A2AB97B1000B7E5BA /* Debug */,
				FCABF81B2AB97B1000B7E5BA /* Release */,
			);
			defaultConfigurationIsVisible = 0;
			defaultConfigurationName = Release;
		};
/* End XCConfigurationList section */
	};
	rootObject = FCABF7E72AB97B0F00B7E5BA /* Project object */;
}
